<?xml version="1.0" encoding="utf-8"?>
<Project ToolsVersion="4.0" xmlns="http://schemas.microsoft.com/developer/msbuild/2003">
  <ItemGroup>
    <ClCompile Include="List.cpp" />
    <ClCompile Include="main.cpp" />
    <ClCompile Include="cachedef.cpp" />
    <ClCompile Include="cachesim.cpp" />
  </ItemGroup>
  <ItemGroup>
    <ClInclude Include="List.h" />
    <ClInclude Include="cachedef.h" />
    <ClInclude Include="cachesim.h" />
  </ItemGroup>
</Project>